
Microsoft Visual Studio Solution File, Format Version 12.00
# Visual Studio Version 16
VisualStudioVersion = 16.0.31515.178
MinimumVisualStudioVersion = 10.0.40219.1
Project("{FAE04EC0-301F-11D3-BF4B-00C04F79EFBC}") = "FireDepartment", "FireDepartment.csproj", "{EF1796AE-8A0A-4D1D-9E45-E89242F04352}"
EndProject
Global
	GlobalSection(SolutionConfigurationPlatforms) = preSolution
		Debug|Any CPU = Debug|Any CPU
		Release|Any CPU = Release|Any CPU
	EndGlobalSection
	GlobalSection(ProjectConfigurationPlatforms) = postSolution
		{EF1796AE-8A0A-4D1D-9E45-E89242F04352}.Debug|Any CPU.ActiveCfg = Debug|Any CPU
		{EF1796AE-8A0A-4D1D-9E45-E89242F04352}.Debug|Any CPU.Build.0 = Debug|Any CPU
		{EF1796AE-8A0A-4D1D-9E45-E89242F04352}.Release|Any CPU.ActiveCfg = Release|Any CPU
		{EF1796AE-8A0A-4D1D-9E45-E89242F04352}.Release|Any CPU.Build.0 = Release|Any CPU
	EndGlobalSection
	GlobalSection(SolutionProperties) = preSolution
		HideSolutionNode = FALSE
	EndGlobalSection
	GlobalSection(ExtensibilityGlobals) = postSolution
		SolutionGuid = {F5EBBD6B-C47C-4F6C-B8D8-998630E6D17A}
	EndGlobalSection
EndGlobal
